
Microsoft Visual Studio Solution File, Format Version 12.00
# Visual Studio Version 17
VisualStudioVersion = 17.0.32112.339
MinimumVisualStudioVersion = 10.0.40219.1
Project("{6EC3EE1D-3C4E-46DD-8F32-0CC8E7565705}") = "GymDiary.ConsoleApp", "src\GymDiary.ConsoleApp\GymDiary.ConsoleApp.fsproj", "{20516FC7-C673-4835-915A-8E8DBE94C121}"
EndProject
Project("{6EC3EE1D-3C4E-46DD-8F32-0CC8E7565705}") = "GymDiary.Core", "src\GymDiary.Core\GymDiary.Core.fsproj", "{E1C21AC9-F94E-4171-A918-2FD96239CA47}"
EndProject
Project("{6EC3EE1D-3C4E-46DD-8F32-0CC8E7565705}") = "GymDiary.Persistence", "src\GymDiary.Persistence\GymDiary.Persistence.fsproj", "{056FC5AC-DE2A-400D-960F-FFB34A134D7E}"
EndProject
Project("{6EC3EE1D-3C4E-46DD-8F32-0CC8E7565705}") = "GymDiary.Api", "src\GymDiary.Api\GymDiary.Api.fsproj", "{3AD5E1AE-AA68-4C14-9C18-F4D5567DC8E3}"
EndProject
Project("{6EC3EE1D-3C4E-46DD-8F32-0CC8E7565705}") = "Common", "src\Common\Common.fsproj", "{FCBB0992-9B01-4731-9E29-98FE80C734CA}"
EndProject
Project("{6EC3EE1D-3C4E-46DD-8F32-0CC8E7565705}") = "MongoDB.FSharp.Serialization", "src\MongoDB.FSharp.Serialization\MongoDB.FSharp.Serialization.fsproj", "{72B7D4CF-36AC-49D6-8315-614F2E15F461}"
EndProject
Project("{2150E333-8FDC-42A3-9474-1A3956D46DE8}") = "Solution Items", "Solution Items", "{529D6432-E5D3-472D-AE7C-F106AEF47C8D}"
	ProjectSection(SolutionItems) = preProject
		.editorconfig = .editorconfig
	EndProjectSection
EndProject
Project("{FAE04EC0-301F-11D3-BF4B-00C04F79EFBC}") = "GymDiary.Api.SystemTests", "tests\GymDiary.Api.SystemTests\GymDiary.Api.SystemTests.csproj", "{1A9A480E-B441-4CB1-87AC-C439DD7D435B}"
EndProject
Global
	GlobalSection(SolutionConfigurationPlatforms) = preSolution
		Debug|Any CPU = Debug|Any CPU
		Release|Any CPU = Release|Any CPU
	EndGlobalSection
	GlobalSection(ProjectConfigurationPlatforms) = postSolution
		{20516FC7-C673-4835-915A-8E8DBE94C121}.Debug|Any CPU.ActiveCfg = Debug|Any CPU
		{20516FC7-C673-4835-915A-8E8DBE94C121}.Debug|Any CPU.Build.0 = Debug|Any CPU
		{20516FC7-C673-4835-915A-8E8DBE94C121}.Release|Any CPU.ActiveCfg = Release|Any CPU
		{20516FC7-C673-4835-915A-8E8DBE94C121}.Release|Any CPU.Build.0 = Release|Any CPU
		{E1C21AC9-F94E-4171-A918-2FD96239CA47}.Debug|Any CPU.ActiveCfg = Debug|Any CPU
		{E1C21AC9-F94E-4171-A918-2FD96239CA47}.Debug|Any CPU.Build.0 = Debug|Any CPU
		{E1C21AC9-F94E-4171-A918-2FD96239CA47}.Release|Any CPU.ActiveCfg = Release|Any CPU
		{E1C21AC9-F94E-4171-A918-2FD96239CA47}.Release|Any CPU.Build.0 = Release|Any CPU
		{056FC5AC-DE2A-400D-960F-FFB34A134D7E}.Debug|Any CPU.ActiveCfg = Debug|Any CPU
		{056FC5AC-DE2A-400D-960F-FFB34A134D7E}.Debug|Any CPU.Build.0 = Debug|Any CPU
		{056FC5AC-DE2A-400D-960F-FFB34A134D7E}.Release|Any CPU.ActiveCfg = Release|Any CPU
		{056FC5AC-DE2A-400D-960F-FFB34A134D7E}.Release|Any CPU.Build.0 = Release|Any CPU
		{3AD5E1AE-AA68-4C14-9C18-F4D5567DC8E3}.Debug|Any CPU.ActiveCfg = Debug|Any CPU
		{3AD5E1AE-AA68-4C14-9C18-F4D5567DC8E3}.Debug|Any CPU.Build.0 = Debug|Any CPU
		{3AD5E1AE-AA68-4C14-9C18-F4D5567DC8E3}.Release|Any CPU.ActiveCfg = Release|Any CPU
		{3AD5E1AE-AA68-4C14-9C18-F4D5567DC8E3}.Release|Any CPU.Build.0 = Release|Any CPU
		{FCBB0992-9B01-4731-9E29-98FE80C734CA}.Debug|Any CPU.ActiveCfg = Debug|Any CPU
		{FCBB0992-9B01-4731-9E29-98FE80C734CA}.Debug|Any CPU.Build.0 = Debug|Any CPU
		{FCBB0992-9B01-4731-9E29-98FE80C734CA}.Release|Any CPU.ActiveCfg = Release|Any CPU
		{FCBB0992-9B01-4731-9E29-98FE80C734CA}.Release|Any CPU.Build.0 = Release|Any CPU
		{72B7D4CF-36AC-49D6-8315-614F2E15F461}.Debug|Any CPU.ActiveCfg = Debug|Any CPU
		{72B7D4CF-36AC-49D6-8315-614F2E15F461}.Debug|Any CPU.Build.0 = Debug|Any CPU
		{72B7D4CF-36AC-49D6-8315-614F2E15F461}.Release|Any CPU.ActiveCfg = Release|Any CPU
		{72B7D4CF-36AC-49D6-8315-614F2E15F461}.Release|Any CPU.Build.0 = Release|Any CPU
		{1A9A480E-B441-4CB1-87AC-C439DD7D435B}.Debug|Any CPU.ActiveCfg = Debug|Any CPU
		{1A9A480E-B441-4CB1-87AC-C439DD7D435B}.Debug|Any CPU.Build.0 = Debug|Any CPU
		{1A9A480E-B441-4CB1-87AC-C439DD7D435B}.Release|Any CPU.ActiveCfg = Release|Any CPU
		{1A9A480E-B441-4CB1-87AC-C439DD7D435B}.Release|Any CPU.Build.0 = Release|Any CPU
	EndGlobalSection
	GlobalSection(SolutionProperties) = preSolution
		HideSolutionNode = FALSE
	EndGlobalSection
	GlobalSection(ExtensibilityGlobals) = postSolution
		SolutionGuid = {CBDF0641-D624-4A73-B3EE-7674EC124CF9}
	EndGlobalSection
EndGlobal
