
Microsoft Visual Studio Solution File, Format Version 12.00
# Visual Studio Version 17
VisualStudioVersion = 17.0.32112.339
MinimumVisualStudioVersion = 10.0.40219.1
Project("{6EC3EE1D-3C4E-46DD-8F32-0CC8E7565705}") = "GymDiary.Core", "src\GymDiary.Core\GymDiary.Core.fsproj", "{E1C21AC9-F94E-4171-A918-2FD96239CA47}"
EndProject
Project("{6EC3EE1D-3C4E-46DD-8F32-0CC8E7565705}") = "GymDiary.Infrastructure", "src\GymDiary.Infrastructure\GymDiary.Infrastructure.fsproj", "{056FC5AC-DE2A-400D-960F-FFB34A134D7E}"
EndProject
Project("{6EC3EE1D-3C4E-46DD-8F32-0CC8E7565705}") = "Common", "src\Common\Common.fsproj", "{FCBB0992-9B01-4731-9E29-98FE80C734CA}"
EndProject
Project("{6EC3EE1D-3C4E-46DD-8F32-0CC8E7565705}") = "MongoDB.FSharp.Serialization", "src\MongoDB.FSharp.Serialization\MongoDB.FSharp.Serialization.fsproj", "{72B7D4CF-36AC-49D6-8315-614F2E15F461}"
EndProject
Project("{2150E333-8FDC-42A3-9474-1A3956D46DE8}") = ".solution", ".solution", "{529D6432-E5D3-472D-AE7C-F106AEF47C8D}"
	ProjectSection(SolutionItems) = preProject
		.editorconfig = .editorconfig
		docker-compose.yml = docker-compose.yml
		Directory.Build.props = Directory.Build.props
		Directory.Packages.props = Directory.Packages.props
		nuget.config = nuget.config
	EndProjectSection
EndProject
Project("{FAE04EC0-301F-11D3-BF4B-00C04F79EFBC}") = "GymDiary.Api.SystemTests", "tests\GymDiary.Api.SystemTests\GymDiary.Api.SystemTests.csproj", "{1A9A480E-B441-4CB1-87AC-C439DD7D435B}"
EndProject
Project("{FAE04EC0-301F-11D3-BF4B-00C04F79EFBC}") = "SystemTests", "tests\SystemTests\SystemTests.csproj", "{A8C9EE80-CCD8-4931-8B1B-BE6D1EE0860E}"
EndProject
Project("{2150E333-8FDC-42A3-9474-1A3956D46DE8}") = "src", "src", "{4D01C9B4-8B7D-4109-A8B1-CBBC4B3E18ED}"
EndProject
Project("{2150E333-8FDC-42A3-9474-1A3956D46DE8}") = "tests", "tests", "{DBB74340-5992-419B-9798-C1B31F9D0D39}"
EndProject
Project("{F2A71F9B-5D33-465A-A702-920D77279786}") = "GymDiary.Api.Oxpecker", "src\GymDiary.Api.Oxpecker\GymDiary.Api.Oxpecker.fsproj", "{83D14C64-2358-4B30-82ED-76C886722673}"
EndProject
Project("{F2A71F9B-5D33-465A-A702-920D77279786}") = "GymDiary.Domain", "src\GymDiary.Domain\GymDiary.Domain.fsproj", "{2D0653C8-222C-4E1F-8135-FEA78AD02B30}"
EndProject
Project("{F2A71F9B-5D33-465A-A702-920D77279786}") = "GymDiary.Domain.UnitTests", "tests\GymDiary.Domain.UnitTests\GymDiary.Domain.UnitTests.fsproj", "{582E6A89-DE13-40AF-9657-4736A33DA9CF}"
EndProject
Project("{FAE04EC0-301F-11D3-BF4B-00C04F79EFBC}") = "GymDiary.DbMigrations", "src\GymDiary.DbMigrations\GymDiary.DbMigrations.csproj", "{8989E30F-4A0E-4876-BF84-BF9027F21BAE}"
EndProject
Project("{FAE04EC0-301F-11D3-BF4B-00C04F79EFBC}") = "GymDiary.ServiceDefaults", "src\GymDiary.ServiceDefaults\GymDiary.ServiceDefaults.csproj", "{D6392A8D-BE56-4A37-B800-6AB2C0FD1D21}"
EndProject
Project("{FAE04EC0-301F-11D3-BF4B-00C04F79EFBC}") = "GymDiary.AppHost", "src\GymDiary.AppHost\GymDiary.AppHost.csproj", "{87562977-567B-4E9C-AD75-1955A8858CA2}"
EndProject
Project("{FAE04EC0-301F-11D3-BF4B-00C04F79EFBC}") = "GymDiary.Api", "src\GymDiary.Api\GymDiary.Api.csproj", "{FFE24DB4-037D-4E7C-80E8-A5B556BD52BD}"
EndProject
Project("{F2A71F9B-5D33-465A-A702-920D77279786}") = "GymDiary.Application", "src\GymDiary.Application\GymDiary.Application.fsproj", "{7C0C0FF6-7518-4D32-9513-0E6FC272BF39}"
EndProject
Project("{FAE04EC0-301F-11D3-BF4B-00C04F79EFBC}") = "GymDiary.ApiClient", "src\GymDiary.ApiClient\GymDiary.ApiClient.csproj", "{BA466D2F-A320-4771-9807-D16D54F1600B}"
EndProject
Global
	GlobalSection(SolutionConfigurationPlatforms) = preSolution
		Debug|Any CPU = Debug|Any CPU
		Release|Any CPU = Release|Any CPU
	EndGlobalSection
	GlobalSection(ProjectConfigurationPlatforms) = postSolution
		{E1C21AC9-F94E-4171-A918-2FD96239CA47}.Debug|Any CPU.ActiveCfg = Debug|Any CPU
		{E1C21AC9-F94E-4171-A918-2FD96239CA47}.Debug|Any CPU.Build.0 = Debug|Any CPU
		{E1C21AC9-F94E-4171-A918-2FD96239CA47}.Release|Any CPU.ActiveCfg = Release|Any CPU
		{E1C21AC9-F94E-4171-A918-2FD96239CA47}.Release|Any CPU.Build.0 = Release|Any CPU
		{056FC5AC-DE2A-400D-960F-FFB34A134D7E}.Debug|Any CPU.ActiveCfg = Debug|Any CPU
		{056FC5AC-DE2A-400D-960F-FFB34A134D7E}.Debug|Any CPU.Build.0 = Debug|Any CPU
		{056FC5AC-DE2A-400D-960F-FFB34A134D7E}.Release|Any CPU.ActiveCfg = Release|Any CPU
		{056FC5AC-DE2A-400D-960F-FFB34A134D7E}.Release|Any CPU.Build.0 = Release|Any CPU
		{FCBB0992-9B01-4731-9E29-98FE80C734CA}.Debug|Any CPU.ActiveCfg = Debug|Any CPU
		{FCBB0992-9B01-4731-9E29-98FE80C734CA}.Debug|Any CPU.Build.0 = Debug|Any CPU
		{FCBB0992-9B01-4731-9E29-98FE80C734CA}.Release|Any CPU.ActiveCfg = Release|Any CPU
		{FCBB0992-9B01-4731-9E29-98FE80C734CA}.Release|Any CPU.Build.0 = Release|Any CPU
		{72B7D4CF-36AC-49D6-8315-614F2E15F461}.Debug|Any CPU.ActiveCfg = Debug|Any CPU
		{72B7D4CF-36AC-49D6-8315-614F2E15F461}.Debug|Any CPU.Build.0 = Debug|Any CPU
		{72B7D4CF-36AC-49D6-8315-614F2E15F461}.Release|Any CPU.ActiveCfg = Release|Any CPU
		{72B7D4CF-36AC-49D6-8315-614F2E15F461}.Release|Any CPU.Build.0 = Release|Any CPU
		{1A9A480E-B441-4CB1-87AC-C439DD7D435B}.Debug|Any CPU.ActiveCfg = Debug|Any CPU
		{1A9A480E-B441-4CB1-87AC-C439DD7D435B}.Debug|Any CPU.Build.0 = Debug|Any CPU
		{1A9A480E-B441-4CB1-87AC-C439DD7D435B}.Release|Any CPU.ActiveCfg = Release|Any CPU
		{1A9A480E-B441-4CB1-87AC-C439DD7D435B}.Release|Any CPU.Build.0 = Release|Any CPU
		{A8C9EE80-CCD8-4931-8B1B-BE6D1EE0860E}.Debug|Any CPU.ActiveCfg = Debug|Any CPU
		{A8C9EE80-CCD8-4931-8B1B-BE6D1EE0860E}.Debug|Any CPU.Build.0 = Debug|Any CPU
		{A8C9EE80-CCD8-4931-8B1B-BE6D1EE0860E}.Release|Any CPU.ActiveCfg = Release|Any CPU
		{A8C9EE80-CCD8-4931-8B1B-BE6D1EE0860E}.Release|Any CPU.Build.0 = Release|Any CPU
		{83D14C64-2358-4B30-82ED-76C886722673}.Debug|Any CPU.ActiveCfg = Debug|Any CPU
		{83D14C64-2358-4B30-82ED-76C886722673}.Debug|Any CPU.Build.0 = Debug|Any CPU
		{83D14C64-2358-4B30-82ED-76C886722673}.Release|Any CPU.ActiveCfg = Release|Any CPU
		{83D14C64-2358-4B30-82ED-76C886722673}.Release|Any CPU.Build.0 = Release|Any CPU
		{2D0653C8-222C-4E1F-8135-FEA78AD02B30}.Debug|Any CPU.ActiveCfg = Debug|Any CPU
		{2D0653C8-222C-4E1F-8135-FEA78AD02B30}.Debug|Any CPU.Build.0 = Debug|Any CPU
		{2D0653C8-222C-4E1F-8135-FEA78AD02B30}.Release|Any CPU.ActiveCfg = Release|Any CPU
		{2D0653C8-222C-4E1F-8135-FEA78AD02B30}.Release|Any CPU.Build.0 = Release|Any CPU
		{582E6A89-DE13-40AF-9657-4736A33DA9CF}.Debug|Any CPU.ActiveCfg = Debug|Any CPU
		{582E6A89-DE13-40AF-9657-4736A33DA9CF}.Debug|Any CPU.Build.0 = Debug|Any CPU
		{582E6A89-DE13-40AF-9657-4736A33DA9CF}.Release|Any CPU.ActiveCfg = Release|Any CPU
		{582E6A89-DE13-40AF-9657-4736A33DA9CF}.Release|Any CPU.Build.0 = Release|Any CPU
		{8989E30F-4A0E-4876-BF84-BF9027F21BAE}.Debug|Any CPU.ActiveCfg = Debug|Any CPU
		{8989E30F-4A0E-4876-BF84-BF9027F21BAE}.Debug|Any CPU.Build.0 = Debug|Any CPU
		{8989E30F-4A0E-4876-BF84-BF9027F21BAE}.Release|Any CPU.ActiveCfg = Release|Any CPU
		{8989E30F-4A0E-4876-BF84-BF9027F21BAE}.Release|Any CPU.Build.0 = Release|Any CPU
		{D6392A8D-BE56-4A37-B800-6AB2C0FD1D21}.Debug|Any CPU.ActiveCfg = Debug|Any CPU
		{D6392A8D-BE56-4A37-B800-6AB2C0FD1D21}.Debug|Any CPU.Build.0 = Debug|Any CPU
		{D6392A8D-BE56-4A37-B800-6AB2C0FD1D21}.Release|Any CPU.ActiveCfg = Release|Any CPU
		{D6392A8D-BE56-4A37-B800-6AB2C0FD1D21}.Release|Any CPU.Build.0 = Release|Any CPU
		{87562977-567B-4E9C-AD75-1955A8858CA2}.Debug|Any CPU.ActiveCfg = Debug|Any CPU
		{87562977-567B-4E9C-AD75-1955A8858CA2}.Debug|Any CPU.Build.0 = Debug|Any CPU
		{87562977-567B-4E9C-AD75-1955A8858CA2}.Release|Any CPU.ActiveCfg = Release|Any CPU
		{87562977-567B-4E9C-AD75-1955A8858CA2}.Release|Any CPU.Build.0 = Release|Any CPU
		{FFE24DB4-037D-4E7C-80E8-A5B556BD52BD}.Debug|Any CPU.ActiveCfg = Debug|Any CPU
		{FFE24DB4-037D-4E7C-80E8-A5B556BD52BD}.Debug|Any CPU.Build.0 = Debug|Any CPU
		{FFE24DB4-037D-4E7C-80E8-A5B556BD52BD}.Release|Any CPU.ActiveCfg = Release|Any CPU
		{FFE24DB4-037D-4E7C-80E8-A5B556BD52BD}.Release|Any CPU.Build.0 = Release|Any CPU
		{7C0C0FF6-7518-4D32-9513-0E6FC272BF39}.Debug|Any CPU.ActiveCfg = Debug|Any CPU
		{7C0C0FF6-7518-4D32-9513-0E6FC272BF39}.Debug|Any CPU.Build.0 = Debug|Any CPU
		{7C0C0FF6-7518-4D32-9513-0E6FC272BF39}.Release|Any CPU.ActiveCfg = Release|Any CPU
		{7C0C0FF6-7518-4D32-9513-0E6FC272BF39}.Release|Any CPU.Build.0 = Release|Any CPU
		{BA466D2F-A320-4771-9807-D16D54F1600B}.Debug|Any CPU.ActiveCfg = Debug|Any CPU
		{BA466D2F-A320-4771-9807-D16D54F1600B}.Debug|Any CPU.Build.0 = Debug|Any CPU
		{BA466D2F-A320-4771-9807-D16D54F1600B}.Release|Any CPU.ActiveCfg = Release|Any CPU
		{BA466D2F-A320-4771-9807-D16D54F1600B}.Release|Any CPU.Build.0 = Release|Any CPU
	EndGlobalSection
	GlobalSection(SolutionProperties) = preSolution
		HideSolutionNode = FALSE
	EndGlobalSection
	GlobalSection(ExtensibilityGlobals) = postSolution
		SolutionGuid = {CBDF0641-D624-4A73-B3EE-7674EC124CF9}
	EndGlobalSection
	GlobalSection(NestedProjects) = preSolution
		{A8C9EE80-CCD8-4931-8B1B-BE6D1EE0860E} = {DBB74340-5992-419B-9798-C1B31F9D0D39}
		{1A9A480E-B441-4CB1-87AC-C439DD7D435B} = {DBB74340-5992-419B-9798-C1B31F9D0D39}
		{FCBB0992-9B01-4731-9E29-98FE80C734CA} = {4D01C9B4-8B7D-4109-A8B1-CBBC4B3E18ED}
		{E1C21AC9-F94E-4171-A918-2FD96239CA47} = {4D01C9B4-8B7D-4109-A8B1-CBBC4B3E18ED}
		{056FC5AC-DE2A-400D-960F-FFB34A134D7E} = {4D01C9B4-8B7D-4109-A8B1-CBBC4B3E18ED}
		{72B7D4CF-36AC-49D6-8315-614F2E15F461} = {4D01C9B4-8B7D-4109-A8B1-CBBC4B3E18ED}
		{83D14C64-2358-4B30-82ED-76C886722673} = {4D01C9B4-8B7D-4109-A8B1-CBBC4B3E18ED}
		{2D0653C8-222C-4E1F-8135-FEA78AD02B30} = {4D01C9B4-8B7D-4109-A8B1-CBBC4B3E18ED}
		{582E6A89-DE13-40AF-9657-4736A33DA9CF} = {DBB74340-5992-419B-9798-C1B31F9D0D39}
		{8989E30F-4A0E-4876-BF84-BF9027F21BAE} = {4D01C9B4-8B7D-4109-A8B1-CBBC4B3E18ED}
		{D6392A8D-BE56-4A37-B800-6AB2C0FD1D21} = {4D01C9B4-8B7D-4109-A8B1-CBBC4B3E18ED}
		{87562977-567B-4E9C-AD75-1955A8858CA2} = {4D01C9B4-8B7D-4109-A8B1-CBBC4B3E18ED}
		{FFE24DB4-037D-4E7C-80E8-A5B556BD52BD} = {4D01C9B4-8B7D-4109-A8B1-CBBC4B3E18ED}
		{7C0C0FF6-7518-4D32-9513-0E6FC272BF39} = {4D01C9B4-8B7D-4109-A8B1-CBBC4B3E18ED}
		{BA466D2F-A320-4771-9807-D16D54F1600B} = {4D01C9B4-8B7D-4109-A8B1-CBBC4B3E18ED}
	EndGlobalSection
EndGlobal
